// !$*UTF8*$!
{
	archiveVersion = 1;
	classes = {
	};
	objectVersion = 51;
	objects = {

/* Begin PBXBuildFile section */
		9F330C672573A37A00F50762 /* UIViewExtension.swift in Sources */ = {isa = PBXBuildFile; fileRef = 9F330C662573A37A00F50762 /* UIViewExtension.swift */; };
		9F37F8732573A2F800107D2F /* AppDelegate.swift in Sources */ = {isa = PBXBuildFile; fileRef = 9F37F8722573A2F800107D2F /* AppDelegate.swift */; };
		9F37F8752573A2F800107D2F /* SceneDelegate.swift in Sources */ = {isa = PBXBuildFile; fileRef = 9F37F8742573A2F800107D2F /* SceneDelegate.swift */; };
		9F37F87A2573A2F800107D2F /* Main.storyboard in Resources */ = {isa = PBXBuildFile; fileRef = 9F37F8782573A2F800107D2F /* Main.storyboard */; };
		9F37F87C2573A2FB00107D2F /* Assets.xcassets in Resources */ = {isa = PBXBuildFile; fileRef = 9F37F87B2573A2FB00107D2F /* Assets.xcassets */; };
		9F37F87F2573A2FB00107D2F /* LaunchScreen.storyboard in Resources */ = {isa = PBXBuildFile; fileRef = 9F37F87D2573A2FB00107D2F /* LaunchScreen.storyboard */; };
		9F37F8952573A2FB00107D2F /* CleanSwiftUITests.swift in Sources */ = {isa = PBXBuildFile; fileRef = 9F37F8942573A2FB00107D2F /* CleanSwiftUITests.swift */; };
		9FF096282573B48300437DB9 /* RepositoriesPresenter.swift in Sources */ = {isa = PBXBuildFile; fileRef = 9FF096222573B48300437DB9 /* RepositoriesPresenter.swift */; };
		9FF096292573B48300437DB9 /* RepositoriesWorker.swift in Sources */ = {isa = PBXBuildFile; fileRef = 9FF096232573B48300437DB9 /* RepositoriesWorker.swift */; };
		9FF0962A2573B48300437DB9 /* RepositoriesRouter.swift in Sources */ = {isa = PBXBuildFile; fileRef = 9FF096242573B48300437DB9 /* RepositoriesRouter.swift */; };
		9FF0962B2573B48300437DB9 /* RepositoriesModels.swift in Sources */ = {isa = PBXBuildFile; fileRef = 9FF096252573B48300437DB9 /* RepositoriesModels.swift */; };
		9FF0962C2573B48300437DB9 /* RepositoriesViewController.swift in Sources */ = {isa = PBXBuildFile; fileRef = 9FF096262573B48300437DB9 /* RepositoriesViewController.swift */; };
		9FF0962D2573B48300437DB9 /* RepositoriesInteractor.swift in Sources */ = {isa = PBXBuildFile; fileRef = 9FF096272573B48300437DB9 /* RepositoriesInteractor.swift */; };
		9FF096392573B4A000437DB9 /* RepositoriesViewControllerTests.swift in Sources */ = {isa = PBXBuildFile; fileRef = 9FF096352573B4A000437DB9 /* RepositoriesViewControllerTests.swift */; };
		9FF0963A2573B4A000437DB9 /* RepositoriesInteractorTests.swift in Sources */ = {isa = PBXBuildFile; fileRef = 9FF096362573B4A000437DB9 /* RepositoriesInteractorTests.swift */; };
		9FF0963B2573B4A000437DB9 /* RepositoriesWorkerTests.swift in Sources */ = {isa = PBXBuildFile; fileRef = 9FF096372573B4A000437DB9 /* RepositoriesWorkerTests.swift */; };
		9FF0963C2573B4A000437DB9 /* RepositoriesPresenterTests.swift in Sources */ = {isa = PBXBuildFile; fileRef = 9FF096382573B4A000437DB9 /* RepositoriesPresenterTests.swift */; };
		9FF096482573BA7C00437DB9 /* RepositoryTableViewCell.swift in Sources */ = {isa = PBXBuildFile; fileRef = 9FF096472573BA7C00437DB9 /* RepositoryTableViewCell.swift */; };
		9FF096572573C4C300437DB9 /* APIManager.swift in Sources */ = {isa = PBXBuildFile; fileRef = 9FF096562573C4C300437DB9 /* APIManager.swift */; };
		9FF0965F2573C65900437DB9 /* AlamoreFireAPIService.swift in Sources */ = {isa = PBXBuildFile; fileRef = 9FF0965E2573C65900437DB9 /* AlamoreFireAPIService.swift */; };
		B9AE7B7892A7D01DE28CCD00 /* Pods_CleanSwift.framework in Frameworks */ = {isa = PBXBuildFile; fileRef = 5CD9A3B920CA92AC030138D3 /* Pods_CleanSwift.framework */; };
/* End PBXBuildFile section */

/* Begin PBXContainerItemProxy section */
		9F37F8862573A2FB00107D2F /* PBXContainerItemProxy */ = {
			isa = PBXContainerItemProxy;
			containerPortal = 9F37F8672573A2F800107D2F /* Project object */;
			proxyType = 1;
			remoteGlobalIDString = 9F37F86E2573A2F800107D2F;
			remoteInfo = CleanSwift;
		};
		9F37F8912573A2FB00107D2F /* PBXContainerItemProxy */ = {
			isa = PBXContainerItemProxy;
			containerPortal = 9F37F8672573A2F800107D2F /* Project object */;
			proxyType = 1;
			remoteGlobalIDString = 9F37F86E2573A2F800107D2F;
			remoteInfo = CleanSwift;
		};
/* End PBXContainerItemProxy section */

/* Begin PBXFileReference section */
		5324FA8DC4A0876BD0B9DB78 /* Pods-CleanSwift.release.xcconfig */ = {isa = PBXFileReference; includeInIndex = 1; lastKnownFileType = text.xcconfig; name = "Pods-CleanSwift.release.xcconfig"; path = "Target Support Files/Pods-CleanSwift/Pods-CleanSwift.release.xcconfig"; sourceTree = "<group>"; };
		5CD9A3B920CA92AC030138D3 /* Pods_CleanSwift.framework */ = {isa = PBXFileReference; explicitFileType = wrapper.framework; includeInIndex = 0; path = Pods_CleanSwift.framework; sourceTree = BUILT_PRODUCTS_DIR; };
		9F330C662573A37A00F50762 /* UIViewExtension.swift */ = {isa = PBXFileReference; lastKnownFileType = sourcecode.swift; path = UIViewExtension.swift; sourceTree = "<group>"; };
		9F37F86F2573A2F800107D2F /* CleanSwift.app */ = {isa = PBXFileReference; explicitFileType = wrapper.application; includeInIndex = 0; path = CleanSwift.app; sourceTree = BUILT_PRODUCTS_DIR; };
		9F37F8722573A2F800107D2F /* AppDelegate.swift */ = {isa = PBXFileReference; lastKnownFileType = sourcecode.swift; path = AppDelegate.swift; sourceTree = "<group>"; };
		9F37F8742573A2F800107D2F /* SceneDelegate.swift */ = {isa = PBXFileReference; lastKnownFileType = sourcecode.swift; path = SceneDelegate.swift; sourceTree = "<group>"; };
		9F37F8792573A2F800107D2F /* Base */ = {isa = PBXFileReference; lastKnownFileType = file.storyboard; name = Base; path = Base.lproj/Main.storyboard; sourceTree = "<group>"; };
		9F37F87B2573A2FB00107D2F /* Assets.xcassets */ = {isa = PBXFileReference; lastKnownFileType = folder.assetcatalog; path = Assets.xcassets; sourceTree = "<group>"; };
		9F37F87E2573A2FB00107D2F /* Base */ = {isa = PBXFileReference; lastKnownFileType = file.storyboard; name = Base; path = Base.lproj/LaunchScreen.storyboard; sourceTree = "<group>"; };
		9F37F8802573A2FB00107D2F /* Info.plist */ = {isa = PBXFileReference; lastKnownFileType = text.plist.xml; path = Info.plist; sourceTree = "<group>"; };
		9F37F8852573A2FB00107D2F /* CleanSwiftTests.xctest */ = {isa = PBXFileReference; explicitFileType = wrapper.cfbundle; includeInIndex = 0; path = CleanSwiftTests.xctest; sourceTree = BUILT_PRODUCTS_DIR; };
		9F37F88B2573A2FB00107D2F /* Info.plist */ = {isa = PBXFileReference; lastKnownFileType = text.plist.xml; path = Info.plist; sourceTree = "<group>"; };
		9F37F8902573A2FB00107D2F /* CleanSwiftUITests.xctest */ = {isa = PBXFileReference; explicitFileType = wrapper.cfbundle; includeInIndex = 0; path = CleanSwiftUITests.xctest; sourceTree = BUILT_PRODUCTS_DIR; };
		9F37F8942573A2FB00107D2F /* CleanSwiftUITests.swift */ = {isa = PBXFileReference; lastKnownFileType = sourcecode.swift; path = CleanSwiftUITests.swift; sourceTree = "<group>"; };
		9F37F8962573A2FB00107D2F /* Info.plist */ = {isa = PBXFileReference; lastKnownFileType = text.plist.xml; path = Info.plist; sourceTree = "<group>"; };
		9FF096222573B48300437DB9 /* RepositoriesPresenter.swift */ = {isa = PBXFileReference; lastKnownFileType = sourcecode.swift; path = RepositoriesPresenter.swift; sourceTree = "<group>"; };
		9FF096232573B48300437DB9 /* RepositoriesWorker.swift */ = {isa = PBXFileReference; lastKnownFileType = sourcecode.swift; path = RepositoriesWorker.swift; sourceTree = "<group>"; };
		9FF096242573B48300437DB9 /* RepositoriesRouter.swift */ = {isa = PBXFileReference; lastKnownFileType = sourcecode.swift; path = RepositoriesRouter.swift; sourceTree = "<group>"; };
		9FF096252573B48300437DB9 /* RepositoriesModels.swift */ = {isa = PBXFileReference; lastKnownFileType = sourcecode.swift; path = RepositoriesModels.swift; sourceTree = "<group>"; };
		9FF096262573B48300437DB9 /* RepositoriesViewController.swift */ = {isa = PBXFileReference; lastKnownFileType = sourcecode.swift; path = RepositoriesViewController.swift; sourceTree = "<group>"; };
		9FF096272573B48300437DB9 /* RepositoriesInteractor.swift */ = {isa = PBXFileReference; lastKnownFileType = sourcecode.swift; path = RepositoriesInteractor.swift; sourceTree = "<group>"; };
		9FF096352573B4A000437DB9 /* RepositoriesViewControllerTests.swift */ = {isa = PBXFileReference; lastKnownFileType = sourcecode.swift; path = RepositoriesViewControllerTests.swift; sourceTree = "<group>"; };
		9FF096362573B4A000437DB9 /* RepositoriesInteractorTests.swift */ = {isa = PBXFileReference; lastKnownFileType = sourcecode.swift; path = RepositoriesInteractorTests.swift; sourceTree = "<group>"; };
		9FF096372573B4A000437DB9 /* RepositoriesWorkerTests.swift */ = {isa = PBXFileReference; lastKnownFileType = sourcecode.swift; path = RepositoriesWorkerTests.swift; sourceTree = "<group>"; };
		9FF096382573B4A000437DB9 /* RepositoriesPresenterTests.swift */ = {isa = PBXFileReference; lastKnownFileType = sourcecode.swift; path = RepositoriesPresenterTests.swift; sourceTree = "<group>"; };
		9FF096472573BA7C00437DB9 /* RepositoryTableViewCell.swift */ = {isa = PBXFileReference; lastKnownFileType = sourcecode.swift; path = RepositoryTableViewCell.swift; sourceTree = "<group>"; };
		9FF096562573C4C300437DB9 /* APIManager.swift */ = {isa = PBXFileReference; lastKnownFileType = sourcecode.swift; path = APIManager.swift; sourceTree = "<group>"; };
		9FF0965E2573C65900437DB9 /* AlamoreFireAPIService.swift */ = {isa = PBXFileReference; lastKnownFileType = sourcecode.swift; path = AlamoreFireAPIService.swift; sourceTree = "<group>"; };
		E1C2129730B1D87E1C051102 /* Pods-CleanSwift.debug.xcconfig */ = {isa = PBXFileReference; includeInIndex = 1; lastKnownFileType = text.xcconfig; name = "Pods-CleanSwift.debug.xcconfig"; path = "Target Support Files/Pods-CleanSwift/Pods-CleanSwift.debug.xcconfig"; sourceTree = "<group>"; };
/* End PBXFileReference section */

/* Begin PBXFrameworksBuildPhase section */
		9F37F86C2573A2F800107D2F /* Frameworks */ = {
			isa = PBXFrameworksBuildPhase;
			buildActionMask = 2147483647;
			files = (
				B9AE7B7892A7D01DE28CCD00 /* Pods_CleanSwift.framework in Frameworks */,
			);
			runOnlyForDeploymentPostprocessing = 0;
		};
		9F37F8822573A2FB00107D2F /* Frameworks */ = {
			isa = PBXFrameworksBuildPhase;
			buildActionMask = 2147483647;
			files = (
			);
			runOnlyForDeploymentPostprocessing = 0;
		};
		9F37F88D2573A2FB00107D2F /* Frameworks */ = {
			isa = PBXFrameworksBuildPhase;
			buildActionMask = 2147483647;
			files = (
			);
			runOnlyForDeploymentPostprocessing = 0;
		};
/* End PBXFrameworksBuildPhase section */

/* Begin PBXGroup section */
		3E38444D720488B482B54185 /* Pods */ = {
			isa = PBXGroup;
			children = (
				E1C2129730B1D87E1C051102 /* Pods-CleanSwift.debug.xcconfig */,
				5324FA8DC4A0876BD0B9DB78 /* Pods-CleanSwift.release.xcconfig */,
			);
			path = Pods;
			sourceTree = "<group>";
		};
		9F330C5F2573A34300F50762 /* AppDelegates */ = {
			isa = PBXGroup;
			children = (
				9F37F8722573A2F800107D2F /* AppDelegate.swift */,
				9F37F8742573A2F800107D2F /* SceneDelegate.swift */,
			);
			path = AppDelegates;
			sourceTree = "<group>";
		};
		9F330C632573A34D00F50762 /* Views */ = {
			isa = PBXGroup;
			children = (
				9F37F87D2573A2FB00107D2F /* LaunchScreen.storyboard */,
				9F37F8782573A2F800107D2F /* Main.storyboard */,
			);
			path = Views;
			sourceTree = "<group>";
		};
		9F330C642573A35400F50762 /* Scenes */ = {
			isa = PBXGroup;
			children = (
				9FF096212573B47100437DB9 /* Repositories */,
			);
			path = Scenes;
			sourceTree = "<group>";
		};
		9F330C652573A36600F50762 /* Extensions */ = {
			isa = PBXGroup;
			children = (
				9F330C662573A37A00F50762 /* UIViewExtension.swift */,
			);
			path = Extensions;
			sourceTree = "<group>";
		};
		9F37F8662573A2F800107D2F = {
			isa = PBXGroup;
			children = (
				9F37F8712573A2F800107D2F /* CleanSwift */,
				9F37F8882573A2FB00107D2F /* CleanSwiftTests */,
				9F37F8932573A2FB00107D2F /* CleanSwiftUITests */,
				9F37F8702573A2F800107D2F /* Products */,
				3E38444D720488B482B54185 /* Pods */,
				DC1900D4F1C7D31420854E64 /* Frameworks */,
			);
			sourceTree = "<group>";
		};
		9F37F8702573A2F800107D2F /* Products */ = {
			isa = PBXGroup;
			children = (
				9F37F86F2573A2F800107D2F /* CleanSwift.app */,
				9F37F8852573A2FB00107D2F /* CleanSwiftTests.xctest */,
				9F37F8902573A2FB00107D2F /* CleanSwiftUITests.xctest */,
			);
			name = Products;
			sourceTree = "<group>";
		};
		9F37F8712573A2F800107D2F /* CleanSwift */ = {
			isa = PBXGroup;
			children = (
				9FF096552573C4AC00437DB9 /* Managers */,
				9F330C652573A36600F50762 /* Extensions */,
				9F330C642573A35400F50762 /* Scenes */,
				9F330C5F2573A34300F50762 /* AppDelegates */,
				9F330C632573A34D00F50762 /* Views */,
				9F37F87B2573A2FB00107D2F /* Assets.xcassets */,
				9F37F8802573A2FB00107D2F /* Info.plist */,
			);
			path = CleanSwift;
			sourceTree = "<group>";
		};
		9F37F8882573A2FB00107D2F /* CleanSwiftTests */ = {
			isa = PBXGroup;
			children = (
				9F37F88B2573A2FB00107D2F /* Info.plist */,
				9FF096342573B49300437DB9 /* Repositories */,
			);
			path = CleanSwiftTests;
			sourceTree = "<group>";
		};
		9F37F8932573A2FB00107D2F /* CleanSwiftUITests */ = {
			isa = PBXGroup;
			children = (
				9F37F8942573A2FB00107D2F /* CleanSwiftUITests.swift */,
				9F37F8962573A2FB00107D2F /* Info.plist */,
			);
			path = CleanSwiftUITests;
			sourceTree = "<group>";
		};
		9FF096212573B47100437DB9 /* Repositories */ = {
			isa = PBXGroup;
			children = (
				9FF096222573B48300437DB9 /* RepositoriesPresenter.swift */,
				9FF096232573B48300437DB9 /* RepositoriesWorker.swift */,
				9FF096242573B48300437DB9 /* RepositoriesRouter.swift */,
				9FF096252573B48300437DB9 /* RepositoriesModels.swift */,
				9FF096262573B48300437DB9 /* RepositoriesViewController.swift */,
				9FF096272573B48300437DB9 /* RepositoriesInteractor.swift */,
				9FF096462573BA5300437DB9 /* Cells */,
			);
			path = Repositories;
			sourceTree = "<group>";
		};
		9FF096342573B49300437DB9 /* Repositories */ = {
			isa = PBXGroup;
			children = (
				9FF096352573B4A000437DB9 /* RepositoriesViewControllerTests.swift */,
				9FF096362573B4A000437DB9 /* RepositoriesInteractorTests.swift */,
				9FF096372573B4A000437DB9 /* RepositoriesWorkerTests.swift */,
				9FF096382573B4A000437DB9 /* RepositoriesPresenterTests.swift */,
			);
			path = Repositories;
			sourceTree = "<group>";
		};
		9FF096462573BA5300437DB9 /* Cells */ = {
			isa = PBXGroup;
			children = (
				9FF096472573BA7C00437DB9 /* RepositoryTableViewCell.swift */,
			);
			path = Cells;
			sourceTree = "<group>";
		};
		9FF096552573C4AC00437DB9 /* Managers */ = {
			isa = PBXGroup;
			children = (
				9FF096562573C4C300437DB9 /* APIManager.swift */,
				9FF0965E2573C65900437DB9 /* AlamoreFireAPIService.swift */,
			);
			path = Managers;
			sourceTree = "<group>";
		};
		DC1900D4F1C7D31420854E64 /* Frameworks */ = {
			isa = PBXGroup;
			children = (
				5CD9A3B920CA92AC030138D3 /* Pods_CleanSwift.framework */,
			);
			name = Frameworks;
			sourceTree = "<group>";
		};
/* End PBXGroup section */

/* Begin PBXNativeTarget section */
		9F37F86E2573A2F800107D2F /* CleanSwift */ = {
			isa = PBXNativeTarget;
			buildConfigurationList = 9F37F8992573A2FB00107D2F /* Build configuration list for PBXNativeTarget "CleanSwift" */;
			buildPhases = (
				FBE373DC78D3F5CCBFE5B035 /* [CP] Check Pods Manifest.lock */,
				9F37F86B2573A2F800107D2F /* Sources */,
				9F37F86C2573A2F800107D2F /* Frameworks */,
				9F37F86D2573A2F800107D2F /* Resources */,
				8B2F6A634D566CA51A06DF92 /* [CP] Embed Pods Frameworks */,
			);
			buildRules = (
			);
			dependencies = (
			);
			name = CleanSwift;
			productName = CleanSwift;
			productReference = 9F37F86F2573A2F800107D2F /* CleanSwift.app */;
			productType = "com.apple.product-type.application";
		};
		9F37F8842573A2FB00107D2F /* CleanSwiftTests */ = {
			isa = PBXNativeTarget;
			buildConfigurationList = 9F37F89C2573A2FB00107D2F /* Build configuration list for PBXNativeTarget "CleanSwiftTests" */;
			buildPhases = (
				9F37F8812573A2FB00107D2F /* Sources */,
				9F37F8822573A2FB00107D2F /* Frameworks */,
				9F37F8832573A2FB00107D2F /* Resources */,
			);
			buildRules = (
			);
			dependencies = (
				9F37F8872573A2FB00107D2F /* PBXTargetDependency */,
			);
			name = CleanSwiftTests;
			productName = CleanSwiftTests;
			productReference = 9F37F8852573A2FB00107D2F /* CleanSwiftTests.xctest */;
			productType = "com.apple.product-type.bundle.unit-test";
		};
		9F37F88F2573A2FB00107D2F /* CleanSwiftUITests */ = {
			isa = PBXNativeTarget;
			buildConfigurationList = 9F37F89F2573A2FB00107D2F /* Build configuration list for PBXNativeTarget "CleanSwiftUITests" */;
			buildPhases = (
				9F37F88C2573A2FB00107D2F /* Sources */,
				9F37F88D2573A2FB00107D2F /* Frameworks */,
				9F37F88E2573A2FB00107D2F /* Resources */,
			);
			buildRules = (
			);
			dependencies = (
				9F37F8922573A2FB00107D2F /* PBXTargetDependency */,
			);
			name = CleanSwiftUITests;
			productName = CleanSwiftUITests;
			productReference = 9F37F8902573A2FB00107D2F /* CleanSwiftUITests.xctest */;
			productType = "com.apple.product-type.bundle.ui-testing";
		};
/* End PBXNativeTarget section */

/* Begin PBXProject section */
		9F37F8672573A2F800107D2F /* Project object */ = {
			isa = PBXProject;
			attributes = {
				LastSwiftUpdateCheck = 1210;
				LastUpgradeCheck = 1210;
				TargetAttributes = {
					9F37F86E2573A2F800107D2F = {
						CreatedOnToolsVersion = 12.1;
					};
					9F37F8842573A2FB00107D2F = {
						CreatedOnToolsVersion = 12.1;
						TestTargetID = 9F37F86E2573A2F800107D2F;
					};
					9F37F88F2573A2FB00107D2F = {
						CreatedOnToolsVersion = 12.1;
						TestTargetID = 9F37F86E2573A2F800107D2F;
					};
				};
			};
			buildConfigurationList = 9F37F86A2573A2F800107D2F /* Build configuration list for PBXProject "CleanSwift" */;
			compatibilityVersion = "Xcode 9.3";
			developmentRegion = en;
			hasScannedForEncodings = 0;
			knownRegions = (
				en,
				Base,
			);
			mainGroup = 9F37F8662573A2F800107D2F;
			productRefGroup = 9F37F8702573A2F800107D2F /* Products */;
			projectDirPath = "";
			projectRoot = "";
			targets = (
				9F37F86E2573A2F800107D2F /* CleanSwift */,
				9F37F8842573A2FB00107D2F /* CleanSwiftTests */,
				9F37F88F2573A2FB00107D2F /* CleanSwiftUITests */,
			);
		};
/* End PBXProject section */

/* Begin PBXResourcesBuildPhase section */
		9F37F86D2573A2F800107D2F /* Resources */ = {
			isa = PBXResourcesBuildPhase;
			buildActionMask = 2147483647;
			files = (
				9F37F87F2573A2FB00107D2F /* LaunchScreen.storyboard in Resources */,
				9F37F87C2573A2FB00107D2F /* Assets.xcassets in Resources */,
				9F37F87A2573A2F800107D2F /* Main.storyboard in Resources */,
			);
			runOnlyForDeploymentPostprocessing = 0;
		};
		9F37F8832573A2FB00107D2F /* Resources */ = {
			isa = PBXResourcesBuildPhase;
			buildActionMask = 2147483647;
			files = (
			);
			runOnlyForDeploymentPostprocessing = 0;
		};
		9F37F88E2573A2FB00107D2F /* Resources */ = {
			isa = PBXResourcesBuildPhase;
			buildActionMask = 2147483647;
			files = (
			);
			runOnlyForDeploymentPostprocessing = 0;
		};
/* End PBXResourcesBuildPhase section */

/* Begin PBXShellScriptBuildPhase section */
		8B2F6A634D566CA51A06DF92 /* [CP] Embed Pods Frameworks */ = {
			isa = PBXShellScriptBuildPhase;
			buildActionMask = 2147483647;
			files = (
			);
			inputFileListPaths = (
				"${PODS_ROOT}/Target Support Files/Pods-CleanSwift/Pods-CleanSwift-frameworks-${CONFIGURATION}-input-files.xcfilelist",
			);
			name = "[CP] Embed Pods Frameworks";
			outputFileListPaths = (
				"${PODS_ROOT}/Target Support Files/Pods-CleanSwift/Pods-CleanSwift-frameworks-${CONFIGURATION}-output-files.xcfilelist",
			);
			runOnlyForDeploymentPostprocessing = 0;
			shellPath = /bin/sh;
			shellScript = "\"${PODS_ROOT}/Target Support Files/Pods-CleanSwift/Pods-CleanSwift-frameworks.sh\"\n";
			showEnvVarsInLog = 0;
		};
		FBE373DC78D3F5CCBFE5B035 /* [CP] Check Pods Manifest.lock */ = {
			isa = PBXShellScriptBuildPhase;
			buildActionMask = 2147483647;
			files = (
			);
			inputFileListPaths = (
			);
			inputPaths = (
				"${PODS_PODFILE_DIR_PATH}/Podfile.lock",
				"${PODS_ROOT}/Manifest.lock",
			);
			name = "[CP] Check Pods Manifest.lock";
			outputFileListPaths = (
			);
			outputPaths = (
				"$(DERIVED_FILE_DIR)/Pods-CleanSwift-checkManifestLockResult.txt",
			);
			runOnlyForDeploymentPostprocessing = 0;
			shellPath = /bin/sh;
			shellScript = "diff \"${PODS_PODFILE_DIR_PATH}/Podfile.lock\" \"${PODS_ROOT}/Manifest.lock\" > /dev/null\nif [ $? != 0 ] ; then\n    # print error to STDERR\n    echo \"error: The sandbox is not in sync with the Podfile.lock. Run 'pod install' or update your CocoaPods installation.\" >&2\n    exit 1\nfi\n# This output is used by Xcode 'outputs' to avoid re-running this script phase.\necho \"SUCCESS\" > \"${SCRIPT_OUTPUT_FILE_0}\"\n";
			showEnvVarsInLog = 0;
		};
/* End PBXShellScriptBuildPhase section */

/* Begin PBXSourcesBuildPhase section */
		9F37F86B2573A2F800107D2F /* Sources */ = {
			isa = PBXSourcesBuildPhase;
			buildActionMask = 2147483647;
			files = (
				9F330C672573A37A00F50762 /* UIViewExtension.swift in Sources */,
				9F37F8732573A2F800107D2F /* AppDelegate.swift in Sources */,
				9FF0962A2573B48300437DB9 /* RepositoriesRouter.swift in Sources */,
				9FF096482573BA7C00437DB9 /* RepositoryTableViewCell.swift in Sources */,
				9FF0965F2573C65900437DB9 /* AlamoreFireAPIService.swift in Sources */,
				9FF096572573C4C300437DB9 /* APIManager.swift in Sources */,
				9FF0962B2573B48300437DB9 /* RepositoriesModels.swift in Sources */,
				9FF0962C2573B48300437DB9 /* RepositoriesViewController.swift in Sources */,
				9FF096292573B48300437DB9 /* RepositoriesWorker.swift in Sources */,
				9FF0962D2573B48300437DB9 /* RepositoriesInteractor.swift in Sources */,
				9FF096282573B48300437DB9 /* RepositoriesPresenter.swift in Sources */,
				9F37F8752573A2F800107D2F /* SceneDelegate.swift in Sources */,
			);
			runOnlyForDeploymentPostprocessing = 0;
		};
		9F37F8812573A2FB00107D2F /* Sources */ = {
			isa = PBXSourcesBuildPhase;
			buildActionMask = 2147483647;
			files = (
				9FF0963C2573B4A000437DB9 /* RepositoriesPresenterTests.swift in Sources */,
				9FF0963B2573B4A000437DB9 /* RepositoriesWorkerTests.swift in Sources */,
				9FF0963A2573B4A000437DB9 /* RepositoriesInteractorTests.swift in Sources */,
				9FF096392573B4A000437DB9 /* RepositoriesViewControllerTests.swift in Sources */,
			);
			runOnlyForDeploymentPostprocessing = 0;
		};
		9F37F88C2573A2FB00107D2F /* Sources */ = {
			isa = PBXSourcesBuildPhase;
			buildActionMask = 2147483647;
			files = (
				9F37F8952573A2FB00107D2F /* CleanSwiftUITests.swift in Sources */,
			);
			runOnlyForDeploymentPostprocessing = 0;
		};
/* End PBXSourcesBuildPhase section */

/* Begin PBXTargetDependency section */
		9F37F8872573A2FB00107D2F /* PBXTargetDependency */ = {
			isa = PBXTargetDependency;
			target = 9F37F86E2573A2F800107D2F /* CleanSwift */;
			targetProxy = 9F37F8862573A2FB00107D2F /* PBXContainerItemProxy */;
		};
		9F37F8922573A2FB00107D2F /* PBXTargetDependency */ = {
			isa = PBXTargetDependency;
			target = 9F37F86E2573A2F800107D2F /* CleanSwift */;
			targetProxy = 9F37F8912573A2FB00107D2F /* PBXContainerItemProxy */;
		};
/* End PBXTargetDependency section */

/* Begin PBXVariantGroup section */
		9F37F8782573A2F800107D2F /* Main.storyboard */ = {
			isa = PBXVariantGroup;
			children = (
				9F37F8792573A2F800107D2F /* Base */,
			);
			name = Main.storyboard;
			sourceTree = "<group>";
		};
		9F37F87D2573A2FB00107D2F /* LaunchScreen.storyboard */ = {
			isa = PBXVariantGroup;
			children = (
				9F37F87E2573A2FB00107D2F /* Base */,
			);
			name = LaunchScreen.storyboard;
			sourceTree = "<group>";
		};
/* End PBXVariantGroup section */

/* Begin XCBuildConfiguration section */
		9F37F8972573A2FB00107D2F /* Debug */ = {
			isa = XCBuildConfiguration;
			buildSettings = {
				ALWAYS_SEARCH_USER_PATHS = NO;
				CLANG_ANALYZER_NONNULL = YES;
				CLANG_ANALYZER_NUMBER_OBJECT_CONVERSION = YES_AGGRESSIVE;
				CLANG_CXX_LANGUAGE_STANDARD = "gnu++14";
				CLANG_CXX_LIBRARY = "libc++";
				CLANG_ENABLE_MODULES = YES;
				CLANG_ENABLE_OBJC_ARC = YES;
				CLANG_ENABLE_OBJC_WEAK = YES;
				CLANG_WARN_BLOCK_CAPTURE_AUTORELEASING = YES;
				CLANG_WARN_BOOL_CONVERSION = YES;
				CLANG_WARN_COMMA = YES;
				CLANG_WARN_CONSTANT_CONVERSION = YES;
				CLANG_WARN_DEPRECATED_OBJC_IMPLEMENTATIONS = YES;
				CLANG_WARN_DIRECT_OBJC_ISA_USAGE = YES_ERROR;
				CLANG_WARN_DOCUMENTATION_COMMENTS = YES;
				CLANG_WARN_EMPTY_BODY = YES;
				CLANG_WARN_ENUM_CONVERSION = YES;
				CLANG_WARN_INFINITE_RECURSION = YES;
				CLANG_WARN_INT_CONVERSION = YES;
				CLANG_WARN_NON_LITERAL_NULL_CONVERSION = YES;
				CLANG_WARN_OBJC_IMPLICIT_RETAIN_SELF = YES;
				CLANG_WARN_OBJC_LITERAL_CONVERSION = YES;
				CLANG_WARN_OBJC_ROOT_CLASS = YES_ERROR;
				CLANG_WARN_QUOTED_INCLUDE_IN_FRAMEWORK_HEADER = YES;
				CLANG_WARN_RANGE_LOOP_ANALYSIS = YES;
				CLANG_WARN_STRICT_PROTOTYPES = YES;
				CLANG_WARN_SUSPICIOUS_MOVE = YES;
				CLANG_WARN_UNGUARDED_AVAILABILITY = YES_AGGRESSIVE;
				CLANG_WARN_UNREACHABLE_CODE = YES;
				CLANG_WARN__DUPLICATE_METHOD_MATCH = YES;
				COPY_PHASE_STRIP = NO;
				DEBUG_INFORMATION_FORMAT = dwarf;
				ENABLE_STRICT_OBJC_MSGSEND = YES;
				ENABLE_TESTABILITY = YES;
				GCC_C_LANGUAGE_STANDARD = gnu11;
				GCC_DYNAMIC_NO_PIC = NO;
				GCC_NO_COMMON_BLOCKS = YES;
				GCC_OPTIMIZATION_LEVEL = 0;
				GCC_PREPROCESSOR_DEFINITIONS = (
					"DEBUG=1",
					"$(inherited)",
				);
				GCC_WARN_64_TO_32_BIT_CONVERSION = YES;
				GCC_WARN_ABOUT_RETURN_TYPE = YES_ERROR;
				GCC_WARN_UNDECLARED_SELECTOR = YES;
				GCC_WARN_UNINITIALIZED_AUTOS = YES_AGGRESSIVE;
				GCC_WARN_UNUSED_FUNCTION = YES;
				GCC_WARN_UNUSED_VARIABLE = YES;
				IPHONEOS_DEPLOYMENT_TARGET = 14.1;
				MTL_ENABLE_DEBUG_INFO = INCLUDE_SOURCE;
				MTL_FAST_MATH = YES;
				ONLY_ACTIVE_ARCH = YES;
				SDKROOT = iphoneos;
				SWIFT_ACTIVE_COMPILATION_CONDITIONS = DEBUG;
				SWIFT_OPTIMIZATION_LEVEL = "-Onone";
			};
			name = Debug;
		};
		9F37F8982573A2FB00107D2F /* Release */ = {
			isa = XCBuildConfiguration;
			buildSettings = {
				ALWAYS_SEARCH_USER_PATHS = NO;
				CLANG_ANALYZER_NONNULL = YES;
				CLANG_ANALYZER_NUMBER_OBJECT_CONVERSION = YES_AGGRESSIVE;
				CLANG_CXX_LANGUAGE_STANDARD = "gnu++14";
				CLANG_CXX_LIBRARY = "libc++";
				CLANG_ENABLE_MODULES = YES;
				CLANG_ENABLE_OBJC_ARC = YES;
				CLANG_ENABLE_OBJC_WEAK = YES;
				CLANG_WARN_BLOCK_CAPTURE_AUTORELEASING = YES;
				CLANG_WARN_BOOL_CONVERSION = YES;
				CLANG_WARN_COMMA = YES;
				CLANG_WARN_CONSTANT_CONVERSION = YES;
				CLANG_WARN_DEPRECATED_OBJC_IMPLEMENTATIONS = YES;
				CLANG_WARN_DIRECT_OBJC_ISA_USAGE = YES_ERROR;
				CLANG_WARN_DOCUMENTATION_COMMENTS = YES;
				CLANG_WARN_EMPTY_BODY = YES;
				CLANG_WARN_ENUM_CONVERSION = YES;
				CLANG_WARN_INFINITE_RECURSION = YES;
				CLANG_WARN_INT_CONVERSION = YES;
				CLANG_WARN_NON_LITERAL_NULL_CONVERSION = YES;
				CLANG_WARN_OBJC_IMPLICIT_RETAIN_SELF = YES;
				CLANG_WARN_OBJC_LITERAL_CONVERSION = YES;
				CLANG_WARN_OBJC_ROOT_CLASS = YES_ERROR;
				CLANG_WARN_QUOTED_INCLUDE_IN_FRAMEWORK_HEADER = YES;
				CLANG_WARN_RANGE_LOOP_ANALYSIS = YES;
				CLANG_WARN_STRICT_PROTOTYPES = YES;
				CLANG_WARN_SUSPICIOUS_MOVE = YES;
				CLANG_WARN_UNGUARDED_AVAILABILITY = YES_AGGRESSIVE;
				CLANG_WARN_UNREACHABLE_CODE = YES;
				CLANG_WARN__DUPLICATE_METHOD_MATCH = YES;
				COPY_PHASE_STRIP = NO;
				DEBUG_INFORMATION_FORMAT = "dwarf-with-dsym";
				ENABLE_NS_ASSERTIONS = NO;
				ENABLE_STRICT_OBJC_MSGSEND = YES;
				GCC_C_LANGUAGE_STANDARD = gnu11;
				GCC_NO_COMMON_BLOCKS = YES;
				GCC_WARN_64_TO_32_BIT_CONVERSION = YES;
				GCC_WARN_ABOUT_RETURN_TYPE = YES_ERROR;
				GCC_WARN_UNDECLARED_SELECTOR = YES;
				GCC_WARN_UNINITIALIZED_AUTOS = YES_AGGRESSIVE;
				GCC_WARN_UNUSED_FUNCTION = YES;
				GCC_WARN_UNUSED_VARIABLE = YES;
				IPHONEOS_DEPLOYMENT_TARGET = 14.1;
				MTL_ENABLE_DEBUG_INFO = NO;
				MTL_FAST_MATH = YES;
				SDKROOT = iphoneos;
				SWIFT_COMPILATION_MODE = wholemodule;
				SWIFT_OPTIMIZATION_LEVEL = "-O";
				VALIDATE_PRODUCT = YES;
			};
			name = Release;
		};
		9F37F89A2573A2FB00107D2F /* Debug */ = {
			isa = XCBuildConfiguration;
			baseConfigurationReference = E1C2129730B1D87E1C051102 /* Pods-CleanSwift.debug.xcconfig */;
			buildSettings = {
				ASSETCATALOG_COMPILER_APPICON_NAME = AppIcon;
				ASSETCATALOG_COMPILER_GLOBAL_ACCENT_COLOR_NAME = AccentColor;
				CODE_SIGN_STYLE = Automatic;
				INFOPLIST_FILE = CleanSwift/Info.plist;
				LD_RUNPATH_SEARCH_PATHS = (
					"$(inherited)",
					"@executable_path/Frameworks",
				);
				PRODUCT_BUNDLE_IDENTIFIER = com.rs.CleanSwift;
				PRODUCT_NAME = "$(TARGET_NAME)";
				SWIFT_VERSION = 5.0;
				TARGETED_DEVICE_FAMILY = "1,2";
			};
			name = Debug;
		};
		9F37F89B2573A2FB00107D2F /* Release */ = {
			isa = XCBuildConfiguration;
			baseConfigurationReference = 5324FA8DC4A0876BD0B9DB78 /* Pods-CleanSwift.release.xcconfig */;
			buildSettings = {
				ASSETCATALOG_COMPILER_APPICON_NAME = AppIcon;
				ASSETCATALOG_COMPILER_GLOBAL_ACCENT_COLOR_NAME = AccentColor;
				CODE_SIGN_STYLE = Automatic;
				INFOPLIST_FILE = CleanSwift/Info.plist;
				LD_RUNPATH_SEARCH_PATHS = (
					"$(inherited)",
					"@executable_path/Frameworks",
				);
				PRODUCT_BUNDLE_IDENTIFIER = com.rs.CleanSwift;
				PRODUCT_NAME = "$(TARGET_NAME)";
				SWIFT_VERSION = 5.0;
				TARGETED_DEVICE_FAMILY = "1,2";
			};
			name = Release;
		};
		9F37F89D2573A2FB00107D2F /* Debug */ = {
			isa = XCBuildConfiguration;
			buildSettings = {
				ALWAYS_EMBED_SWIFT_STANDARD_LIBRARIES = YES;
				BUNDLE_LOADER = "$(TEST_HOST)";
				CODE_SIGN_STYLE = Automatic;
				INFOPLIST_FILE = CleanSwiftTests/Info.plist;
				IPHONEOS_DEPLOYMENT_TARGET = 14.1;
				LD_RUNPATH_SEARCH_PATHS = (
					"$(inherited)",
					"@executable_path/Frameworks",
					"@loader_path/Frameworks",
				);
				PRODUCT_BUNDLE_IDENTIFIER = com.rs.CleanSwiftTests;
				PRODUCT_NAME = "$(TARGET_NAME)";
				SWIFT_VERSION = 5.0;
				TARGETED_DEVICE_FAMILY = "1,2";
				TEST_HOST = "$(BUILT_PRODUCTS_DIR)/CleanSwift.app/CleanSwift";
			};
			name = Debug;
		};
		9F37F89E2573A2FB00107D2F /* Release */ = {
			isa = XCBuildConfiguration;
			buildSettings = {
				ALWAYS_EMBED_SWIFT_STANDARD_LIBRARIES = YES;
				BUNDLE_LOADER = "$(TEST_HOST)";
				CODE_SIGN_STYLE = Automatic;
				INFOPLIST_FILE = CleanSwiftTests/Info.plist;
				IPHONEOS_DEPLOYMENT_TARGET = 14.1;
				LD_RUNPATH_SEARCH_PATHS = (
					"$(inherited)",
					"@executable_path/Frameworks",
					"@loader_path/Frameworks",
				);
				PRODUCT_BUNDLE_IDENTIFIER = com.rs.CleanSwiftTests;
				PRODUCT_NAME = "$(TARGET_NAME)";
				SWIFT_VERSION = 5.0;
				TARGETED_DEVICE_FAMILY = "1,2";
				TEST_HOST = "$(BUILT_PRODUCTS_DIR)/CleanSwift.app/CleanSwift";
			};
			name = Release;
		};
		9F37F8A02573A2FB00107D2F /* Debug */ = {
			isa = XCBuildConfiguration;
			buildSettings = {
				ALWAYS_EMBED_SWIFT_STANDARD_LIBRARIES = YES;
				CODE_SIGN_STYLE = Automatic;
				INFOPLIST_FILE = CleanSwiftUITests/Info.plist;
				LD_RUNPATH_SEARCH_PATHS = (
					"$(inherited)",
					"@executable_path/Frameworks",
					"@loader_path/Frameworks",
				);
				PRODUCT_BUNDLE_IDENTIFIER = com.rs.CleanSwiftUITests;
				PRODUCT_NAME = "$(TARGET_NAME)";
				SWIFT_VERSION = 5.0;
				TARGETED_DEVICE_FAMILY = "1,2";
				TEST_TARGET_NAME = CleanSwift;
			};
			name = Debug;
		};
		9F37F8A12573A2FB00107D2F /* Release */ = {
			isa = XCBuildConfiguration;
			buildSettings = {
				ALWAYS_EMBED_SWIFT_STANDARD_LIBRARIES = YES;
				CODE_SIGN_STYLE = Automatic;
				INFOPLIST_FILE = CleanSwiftUITests/Info.plist;
				LD_RUNPATH_SEARCH_PATHS = (
					"$(inherited)",
					"@executable_path/Frameworks",
					"@loader_path/Frameworks",
				);
				PRODUCT_BUNDLE_IDENTIFIER = com.rs.CleanSwiftUITests;
				PRODUCT_NAME = "$(TARGET_NAME)";
				SWIFT_VERSION = 5.0;
				TARGETED_DEVICE_FAMILY = "1,2";
				TEST_TARGET_NAME = CleanSwift;
			};
			name = Release;
		};
/* End XCBuildConfiguration section */

/* Begin XCConfigurationList section */
		9F37F86A2573A2F800107D2F /* Build configuration list for PBXProject "CleanSwift" */ = {
			isa = XCConfigurationList;
			buildConfigurations = (
				9F37F8972573A2FB00107D2F /* Debug */,
				9F37F8982573A2FB00107D2F /* Release */,
			);
			defaultConfigurationIsVisible = 0;
			defaultConfigurationName = Release;
		};
		9F37F8992573A2FB00107D2F /* Build configuration list for PBXNativeTarget "CleanSwift" */ = {
			isa = XCConfigurationList;
			buildConfigurations = (
				9F37F89A2573A2FB00107D2F /* Debug */,
				9F37F89B2573A2FB00107D2F /* Release */,
			);
			defaultConfigurationIsVisible = 0;
			defaultConfigurationName = Release;
		};
		9F37F89C2573A2FB00107D2F /* Build configuration list for PBXNativeTarget "CleanSwiftTests" */ = {
			isa = XCConfigurationList;
			buildConfigurations = (
				9F37F89D2573A2FB00107D2F /* Debug */,
				9F37F89E2573A2FB00107D2F /* Release */,
			);
			defaultConfigurationIsVisible = 0;
			defaultConfigurationName = Release;
		};
		9F37F89F2573A2FB00107D2F /* Build configuration list for PBXNativeTarget "CleanSwiftUITests" */ = {
			isa = XCConfigurationList;
			buildConfigurations = (
				9F37F8A02573A2FB00107D2F /* Debug */,
				9F37F8A12573A2FB00107D2F /* Release */,
			);
			defaultConfigurationIsVisible = 0;
			defaultConfigurationName = Release;
		};
/* End XCConfigurationList section */
	};
	rootObject = 9F37F8672573A2F800107D2F /* Project object */;
}
